# This file is autogenerated, do not edit; changes may be undone by the next 'dep ensure'.


[[projects]]
  name = "github.com/blang/semver"
  packages = ["."]
  revision = "2ee87856327ba09384cabd113bc6b5d174e9ec0f"
  version = "v3.5.1"

[[projects]]
  branch = "master"
  name = "github.com/mitchellh/mapstructure"
  packages = ["."]
  revision = "00c29f56e2386353d58c599509e8dc3801b0d716"

[solve-meta]
  analyzer-name = "dep"
  analyzer-version = 1
  inputs-digest = "75afb64737fee30705df65d13dda630fdb51c21486a95d571ed66ba4b639abbe"
  solver-name = "gps-cdcl"
  solver-version = 1
